%{
  "castore": {:hex, :castore, "0.1.22", "4127549e411bedd012ca3a308dede574f43819fe9394254ca55ab4895abfa1a2", [:mix], [], "hexpm", "c17576df47eb5aa1ee40cc4134316a99f5cad3e215d5c77b8dd3cfef12a22cac"},
  "redix": {:hex, :redix, "1.2.0", "0d7eb3ccb7b82c461a6ea28b65c2c04486093d816dd6d901a09164800e004df1", [:mix], [{:castore, "~> 0.1.0", [hex: :castore, repo: "hexpm", optional: true]}, {:telemetry, "~> 0.4.0 or ~> 1.0", [hex: :telemetry, repo: "hexpm", optional: false]}], "hexpm", "e1e0deb14599da07c77e66956a12863e85ee270ada826804a0ba8e61657e22a3"},
  "telemetry": {:hex, :telemetry, "1.2.0", "a8ce551485a9a3dac8d523542de130eafd12e40bbf76cf0ecd2528f24e812a44", [:rebar3], [], "hexpm", "1427e73667b9a2002cf1f26694c422d5c905df889023903c4518921d53e3e883"},
}
